PODS:
  - AFNetworking (4.0.1):
    - AFNetworking/NSURLSession (= 4.0.1)
    - AFNetworking/Reachability (= 4.0.1)
    - AFNetworking/Security (= 4.0.1)
    - AFNetworking/Serialization (= 4.0.1)
    - AFNetworking/UIKit (= 4.0.1)
  - AFNetworking/NSURLSession (4.0.1):
    - AFNetworking/Reachability
    - AFNetworking/Security
    - AFNetworking/Serialization
  - AFNetworking/Reachability (4.0.1)
  - AFNetworking/Security (4.0.1)
  - AFNetworking/Serialization (4.0.1)
  - AFNetworking/UIKit (4.0.1):
    - AFNetworking/NSURLSession
  - Flutter (1.0.0)
  - image_pickers (0.0.1):
    - AFNetworking
    - Flutter
    - SDWebImage
    - ZLPhotoBrowser (~> 4.3.9)
  - SDWebImage (5.16.0):
    - SDWebImage/Core (= 5.16.0)
  - SDWebImage/Core (5.16.0)
  - ZLPhotoBrowser (4.3.9):
    - ZLPhotoBrowser/Core (= 4.3.9)
  - ZLPhotoBrowser/Core (4.3.9)

DEPENDENCIES:
  - Flutter (from `Flutter`)
  - image_pickers (from `.symlinks/plugins/image_pickers/ios`)

SPEC REPOS:
  trunk:
    - AFNetworking
    - SDWebImage
    - ZLPhotoBrowser

EXTERNAL SOURCES:
  Flutter:
    :path: Flutter
  image_pickers:
    :path: ".symlinks/plugins/image_pickers/ios"

SPEC CHECKSUMS:
  AFNetworking: 3bd23d814e976cd148d7d44c3ab78017b744cd58
  Flutter: f04841e97a9d0b0a8025694d0796dd46242b2854
  image_pickers: 4406949954a5eb4fac5ada5f13810e6419ef4467
  SDWebImage: 2aea163b50bfcb569a2726b6a754c54a4506fcf6
  ZLPhotoBrowser: 02b3569b8f702d2e153e8fdb1f6b32fef3a2867c

PODFILE CHECKSUM: 70d9d25280d0dd177a5f637cdb0f0b0b12c6a189

COCOAPODS: 1.12.1
